
Microsoft Visual Studio Solution File, Format Version 12.00
# Visual Studio Version 16
VisualStudioVersion = 16.0.32106.194
MinimumVisualStudioVersion = 10.0.40219.1
Project("{FAE04EC0-301F-11D3-BF4B-00C04F79EFBC}") = "WFDotNetCoreMysqlCRUD", "WFDotNetCoreMysqlCRUD\WFDotNetCoreMysqlCRUD.csproj", "{63D58402-7C89-437A-AF94-48BD67E2223D}"
EndProject
Global
	GlobalSection(SolutionConfigurationPlatforms) = preSolution
		Debug|Any CPU = Debug|Any CPU
		Release|Any CPU = Release|Any CPU
	EndGlobalSection
	GlobalSection(ProjectConfigurationPlatforms) = postSolution
		{63D58402-7C89-437A-AF94-48BD67E2223D}.Debug|Any CPU.ActiveCfg = Debug|Any CPU
		{63D58402-7C89-437A-AF94-48BD67E2223D}.Debug|Any CPU.Build.0 = Debug|Any CPU
		{63D58402-7C89-437A-AF94-48BD67E2223D}.Release|Any CPU.ActiveCfg = Release|Any CPU
		{63D58402-7C89-437A-AF94-48BD67E2223D}.Release|Any CPU.Build.0 = Release|Any CPU
	EndGlobalSection
	GlobalSection(SolutionProperties) = preSolution
		HideSolutionNode = FALSE
	EndGlobalSection
	GlobalSection(ExtensibilityGlobals) = postSolution
		SolutionGuid = {AF2C15FB-8C4D-4897-BBB8-A0CDD8EB4F7E}
	EndGlobalSection
EndGlobal
